// !$*UTF8*$!
{
	archiveVersion = 1;
	classes = {
	};
	objectVersion = 77;
	objects = {

/* Begin PBXBuildFile section */
		18E04E91131D2C00AE4C1EAE /* ModularTMAExample in Frameworks */ = {isa = PBXBuildFile; productRef = 527769E7B60F021837B49D92 /* ModularTMAExample */; };
		BAFFFEF44CA2AD318C0B1646 /* UserListFeature in Frameworks */ = {isa = PBXBuildFile; productRef = EEF2BA5C04F35F67DD78563A /* UserListFeature */; };
		F69CC71A3A105C61901762AE /* UsersApp.swift in Sources */ = {isa = PBXBuildFile; fileRef = 2DFFA517E2CCE1C6A9074ADD /* UsersApp.swift */; };
		F7BFDA48A7579BAD878CD898 /* UserListExampleApp.swift in Sources */ = {isa = PBXBuildFile; fileRef = 8F886CC6A6DC49ADA70801DE /* UserListExampleApp.swift */; };
/* End PBXBuildFile section */

/* Begin PBXFileReference section */
		0DB8E1F9EB6B7BE9EC1906C8 /* UsersApp.app */ = {isa = PBXFileReference; includeInIndex = 0; lastKnownFileType = wrapper.application; path = UsersApp.app; sourceTree = BUILT_PRODUCTS_DIR; };
		2DFFA517E2CCE1C6A9074ADD /* UsersApp.swift */ = {isa = PBXFileReference; lastKnownFileType = sourcecode.swift; path = UsersApp.swift; sourceTree = "<group>"; };
		33F927848597BBC0B823222A /* UserListDemo.app */ = {isa = PBXFileReference; includeInIndex = 0; lastKnownFileType = wrapper.application; path = UserListDemo.app; sourceTree = BUILT_PRODUCTS_DIR; };
		4A91A9F34545A2346ECD9F7E /* modular-tma */ = {isa = PBXFileReference; lastKnownFileType = folder; name = "modular-tma"; path = ..; sourceTree = SOURCE_ROOT; };
		8F886CC6A6DC49ADA70801DE /* UserListExampleApp.swift */ = {isa = PBXFileReference; lastKnownFileType = sourcecode.swift; path = UserListExampleApp.swift; sourceTree = "<group>"; };
/* End PBXFileReference section */

/* Begin PBXFrameworksBuildPhase section */
		42FC79504F6E7B389A43A71D /* Frameworks */ = {
			isa = PBXFrameworksBuildPhase;
			buildActionMask = 2147483647;
			files = (
				BAFFFEF44CA2AD318C0B1646 /* UserListFeature in Frameworks */,
			);
			runOnlyForDeploymentPostprocessing = 0;
		};
		DDF936EA18879DAC8BB49722 /* Frameworks */ = {
			isa = PBXFrameworksBuildPhase;
			buildActionMask = 2147483647;
			files = (
				18E04E91131D2C00AE4C1EAE /* ModularTMAExample in Frameworks */,
			);
			runOnlyForDeploymentPostprocessing = 0;
		};
/* End PBXFrameworksBuildPhase section */

/* Begin PBXGroup section */
		276D06FB474DCC17B3D9ADA9 = {
			isa = PBXGroup;
			children = (
				AC9760497D55BD6003FE43BA /* App */,
				402EB680BA00773D878A7169 /* Example */,
				E049C655473498BF2FA160A3 /* Packages */,
				E4187644EE9670A54BBBE64B /* Products */,
			);
			sourceTree = "<group>";
		};
		402EB680BA00773D878A7169 /* Example */ = {
			isa = PBXGroup;
			children = (
				8F886CC6A6DC49ADA70801DE /* UserListExampleApp.swift */,
			);
			name = Example;
			path = ../Sources/Modules/UserListFeature/Example;
			sourceTree = "<group>";
		};
		AC9760497D55BD6003FE43BA /* App */ = {
			isa = PBXGroup;
			children = (
				2DFFA517E2CCE1C6A9074ADD /* UsersApp.swift */,
			);
			name = App;
			path = ../Sources/App;
			sourceTree = "<group>";
		};
		E049C655473498BF2FA160A3 /* Packages */ = {
			isa = PBXGroup;
			children = (
				4A91A9F34545A2346ECD9F7E /* modular-tma */,
			);
			name = Packages;
			sourceTree = "<group>";
		};
		E4187644EE9670A54BBBE64B /* Products */ = {
			isa = PBXGroup;
			children = (
				33F927848597BBC0B823222A /* UserListDemo.app */,
				0DB8E1F9EB6B7BE9EC1906C8 /* UsersApp.app */,
			);
			name = Products;
			sourceTree = "<group>";
		};
/* End PBXGroup section */

/* Begin PBXNativeTarget section */
		9A72E8745394491176DF649A /* UsersApp */ = {
			isa = PBXNativeTarget;
			buildConfigurationList = 4A4180B5BE40C15B669430B3 /* Build configuration list for PBXNativeTarget "UsersApp" */;
			buildPhases = (
				A9CDF94480677A1BEAE7CB13 /* Sources */,
				DDF936EA18879DAC8BB49722 /* Frameworks */,
			);
			buildRules = (
			);
			dependencies = (
			);
			name = UsersApp;
			packageProductDependencies = (
				527769E7B60F021837B49D92 /* ModularTMAExample */,
			);
			productName = UsersApp;
			productReference = 0DB8E1F9EB6B7BE9EC1906C8 /* UsersApp.app */;
			productType = "com.apple.product-type.application";
		};
		A65706EA5C05CD1AC3A7EDAC /* UserListDemo */ = {
			isa = PBXNativeTarget;
			buildConfigurationList = 346BA6A1AB85242F64B3791D /* Build configuration list for PBXNativeTarget "UserListDemo" */;
			buildPhases = (
				7ECC81CF6AD67ACDF53021FD /* Sources */,
				42FC79504F6E7B389A43A71D /* Frameworks */,
			);
			buildRules = (
			);
			dependencies = (
			);
			name = UserListDemo;
			packageProductDependencies = (
				EEF2BA5C04F35F67DD78563A /* UserListFeature */,
			);
			productName = UserListDemo;
			productReference = 33F927848597BBC0B823222A /* UserListDemo.app */;
			productType = "com.apple.product-type.application";
		};
/* End PBXNativeTarget section */

/* Begin PBXProject section */
		7D3809335412F91AD3933191 /* Project object */ = {
			isa = PBXProject;
			attributes = {
				BuildIndependentTargetsInParallel = YES;
				LastUpgradeCheck = 1430;
				TargetAttributes = {
				};
			};
			buildConfigurationList = F8C1D922ECDE1259CDA23026 /* Build configuration list for PBXProject "ModularApps" */;
			developmentRegion = en;
			hasScannedForEncodings = 0;
			knownRegions = (
				Base,
				en,
			);
			mainGroup = 276D06FB474DCC17B3D9ADA9;
			minimizedProjectReferenceProxies = 1;
			packageReferences = (
				4D415376BF587E96438F1D41 /* XCLocalSwiftPackageReference "." */,
			);
			preferredProjectObjectVersion = 77;
			productRefGroup = E4187644EE9670A54BBBE64B /* Products */;
			projectDirPath = "";
			projectRoot = "";
			targets = (
				A65706EA5C05CD1AC3A7EDAC /* UserListDemo */,
				9A72E8745394491176DF649A /* UsersApp */,
			);
		};
/* End PBXProject section */

/* Begin PBXSourcesBuildPhase section */
		7ECC81CF6AD67ACDF53021FD /* Sources */ = {
			isa = PBXSourcesBuildPhase;
			buildActionMask = 2147483647;
			files = (
				F7BFDA48A7579BAD878CD898 /* UserListExampleApp.swift in Sources */,
			);
			runOnlyForDeploymentPostprocessing = 0;
		};
		A9CDF94480677A1BEAE7CB13 /* Sources */ = {
			isa = PBXSourcesBuildPhase;
			buildActionMask = 2147483647;
			files = (
				F69CC71A3A105C61901762AE /* UsersApp.swift in Sources */,
			);
			runOnlyForDeploymentPostprocessing = 0;
		};
/* End PBXSourcesBuildPhase section */

/* Begin XCBuildConfiguration section */
		06C36CF6FA3E64C86465AB95 /* Release */ = {
			isa = XCBuildConfiguration;
			buildSettings = {
				ALWAYS_SEARCH_USER_PATHS = NO;
				CLANG_ANALYZER_NONNULL = YES;
				CLANG_ANALYZER_NUMBER_OBJECT_CONVERSION = YES_AGGRESSIVE;
				CLANG_CXX_LANGUAGE_STANDARD = "gnu++14";
				CLANG_CXX_LIBRARY = "libc++";
				CLANG_ENABLE_MODULES = YES;
				CLANG_ENABLE_OBJC_ARC = YES;
				CLANG_ENABLE_OBJC_WEAK = YES;
				CLANG_WARN_BLOCK_CAPTURE_AUTORELEASING = YES;
				CLANG_WARN_BOOL_CONVERSION = YES;
				CLANG_WARN_COMMA = YES;
				CLANG_WARN_CONSTANT_CONVERSION = YES;
				CLANG_WARN_DEPRECATED_OBJC_IMPLEMENTATIONS = YES;
				CLANG_WARN_DIRECT_OBJC_ISA_USAGE = YES_ERROR;
				CLANG_WARN_DOCUMENTATION_COMMENTS = YES;
				CLANG_WARN_EMPTY_BODY = YES;
				CLANG_WARN_ENUM_CONVERSION = YES;
				CLANG_WARN_INFINITE_RECURSION = YES;
				CLANG_WARN_INT_CONVERSION = YES;
				CLANG_WARN_NON_LITERAL_NULL_CONVERSION = YES;
				CLANG_WARN_OBJC_IMPLICIT_RETAIN_SELF = YES;
				CLANG_WARN_OBJC_LITERAL_CONVERSION = YES;
				CLANG_WARN_OBJC_ROOT_CLASS = YES_ERROR;
				CLANG_WARN_QUOTED_INCLUDE_IN_FRAMEWORK_HEADER = YES;
				CLANG_WARN_RANGE_LOOP_ANALYSIS = YES;
				CLANG_WARN_STRICT_PROTOTYPES = YES;
				CLANG_WARN_SUSPICIOUS_MOVE = YES;
				CLANG_WARN_UNGUARDED_AVAILABILITY = YES_AGGRESSIVE;
				CLANG_WARN_UNREACHABLE_CODE = YES;
				CLANG_WARN__DUPLICATE_METHOD_MATCH = YES;
				CODE_SIGNING_ALLOWED = NO;
				COPY_PHASE_STRIP = NO;
				DEBUG_INFORMATION_FORMAT = "dwarf-with-dsym";
				ENABLE_NS_ASSERTIONS = NO;
				ENABLE_STRICT_OBJC_MSGSEND = YES;
				GCC_C_LANGUAGE_STANDARD = gnu11;
				GCC_NO_COMMON_BLOCKS = YES;
				GCC_WARN_64_TO_32_BIT_CONVERSION = YES;
				GCC_WARN_ABOUT_RETURN_TYPE = YES_ERROR;
				GCC_WARN_UNDECLARED_SELECTOR = YES;
				GCC_WARN_UNINITIALIZED_AUTOS = YES_AGGRESSIVE;
				GCC_WARN_UNUSED_FUNCTION = YES;
				GCC_WARN_UNUSED_VARIABLE = YES;
				GENERATE_INFOPLIST_FILE = YES;
				INFOPLIST_KEY_UIApplicationSceneManifest_Generation = YES;
				INFOPLIST_KEY_UILaunchScreen_Generation = YES;
				IPHONEOS_DEPLOYMENT_TARGET = 17.0;
				MTL_ENABLE_DEBUG_INFO = NO;
				MTL_FAST_MATH = YES;
				PRODUCT_NAME = "$(TARGET_NAME)";
				SDKROOT = iphoneos;
				SWIFT_COMPILATION_MODE = wholemodule;
				SWIFT_OPTIMIZATION_LEVEL = "-O";
				SWIFT_VERSION = 5.0;
				TARGETED_DEVICE_FAMILY = "1,2";
			};
			name = Release;
		};
		2E296DCA1F95DAC6383DBB3B /* Debug */ = {
			isa = XCBuildConfiguration;
			buildSettings = {
				ASSETCATALOG_COMPILER_APPICON_NAME = AppIcon;
				CODE_SIGN_IDENTITY = "iPhone Developer";
				LD_RUNPATH_SEARCH_PATHS = (
					"$(inherited)",
					"@executable_path/Frameworks",
				);
				PRODUCT_BUNDLE_IDENTIFIER = com.iosarchitect.modular.userlistdemo;
				SDKROOT = iphoneos;
				TARGETED_DEVICE_FAMILY = "1,2";
			};
			name = Debug;
		};
		465338AFC1A22560513F8CC3 /* Debug */ = {
			isa = XCBuildConfiguration;
			buildSettings = {
				ASSETCATALOG_COMPILER_APPICON_NAME = AppIcon;
				CODE_SIGN_IDENTITY = "iPhone Developer";
				LD_RUNPATH_SEARCH_PATHS = (
					"$(inherited)",
					"@executable_path/Frameworks",
				);
				PRODUCT_BUNDLE_IDENTIFIER = com.iosarchitect.modular.users;
				SDKROOT = iphoneos;
				TARGETED_DEVICE_FAMILY = "1,2";
			};
			name = Debug;
		};
		7E4D746EABB345C1B9DA0A42 /* Release */ = {
			isa = XCBuildConfiguration;
			buildSettings = {
				ASSETCATALOG_COMPILER_APPICON_NAME = AppIcon;
				CODE_SIGN_IDENTITY = "iPhone Developer";
				LD_RUNPATH_SEARCH_PATHS = (
					"$(inherited)",
					"@executable_path/Frameworks",
				);
				PRODUCT_BUNDLE_IDENTIFIER = com.iosarchitect.modular.users;
				SDKROOT = iphoneos;
				TARGETED_DEVICE_FAMILY = "1,2";
			};
			name = Release;
		};
		8A448BB6BEC88DEBA848191D /* Release */ = {
			isa = XCBuildConfiguration;
			buildSettings = {
				ASSETCATALOG_COMPILER_APPICON_NAME = AppIcon;
				CODE_SIGN_IDENTITY = "iPhone Developer";
				LD_RUNPATH_SEARCH_PATHS = (
					"$(inherited)",
					"@executable_path/Frameworks",
				);
				PRODUCT_BUNDLE_IDENTIFIER = com.iosarchitect.modular.userlistdemo;
				SDKROOT = iphoneos;
				TARGETED_DEVICE_FAMILY = "1,2";
			};
			name = Release;
		};
		AB7080F15341BA253796BA8E /* Debug */ = {
			isa = XCBuildConfiguration;
			buildSettings = {
				ALWAYS_SEARCH_USER_PATHS = NO;
				CLANG_ANALYZER_NONNULL = YES;
				CLANG_ANALYZER_NUMBER_OBJECT_CONVERSION = YES_AGGRESSIVE;
				CLANG_CXX_LANGUAGE_STANDARD = "gnu++14";
				CLANG_CXX_LIBRARY = "libc++";
				CLANG_ENABLE_MODULES = YES;
				CLANG_ENABLE_OBJC_ARC = YES;
				CLANG_ENABLE_OBJC_WEAK = YES;
				CLANG_WARN_BLOCK_CAPTURE_AUTORELEASING = YES;
				CLANG_WARN_BOOL_CONVERSION = YES;
				CLANG_WARN_COMMA = YES;
				CLANG_WARN_CONSTANT_CONVERSION = YES;
				CLANG_WARN_DEPRECATED_OBJC_IMPLEMENTATIONS = YES;
				CLANG_WARN_DIRECT_OBJC_ISA_USAGE = YES_ERROR;
				CLANG_WARN_DOCUMENTATION_COMMENTS = YES;
				CLANG_WARN_EMPTY_BODY = YES;
				CLANG_WARN_ENUM_CONVERSION = YES;
				CLANG_WARN_INFINITE_RECURSION = YES;
				CLANG_WARN_INT_CONVERSION = YES;
				CLANG_WARN_NON_LITERAL_NULL_CONVERSION = YES;
				CLANG_WARN_OBJC_IMPLICIT_RETAIN_SELF = YES;
				CLANG_WARN_OBJC_LITERAL_CONVERSION = YES;
				CLANG_WARN_OBJC_ROOT_CLASS = YES_ERROR;
				CLANG_WARN_QUOTED_INCLUDE_IN_FRAMEWORK_HEADER = YES;
				CLANG_WARN_RANGE_LOOP_ANALYSIS = YES;
				CLANG_WARN_STRICT_PROTOTYPES = YES;
				CLANG_WARN_SUSPICIOUS_MOVE = YES;
				CLANG_WARN_UNGUARDED_AVAILABILITY = YES_AGGRESSIVE;
				CLANG_WARN_UNREACHABLE_CODE = YES;
				CLANG_WARN__DUPLICATE_METHOD_MATCH = YES;
				CODE_SIGNING_ALLOWED = NO;
				COPY_PHASE_STRIP = NO;
				DEBUG_INFORMATION_FORMAT = dwarf;
				ENABLE_STRICT_OBJC_MSGSEND = YES;
				ENABLE_TESTABILITY = YES;
				GCC_C_LANGUAGE_STANDARD = gnu11;
				GCC_DYNAMIC_NO_PIC = NO;
				GCC_NO_COMMON_BLOCKS = YES;
				GCC_OPTIMIZATION_LEVEL = 0;
				GCC_PREPROCESSOR_DEFINITIONS = (
					"$(inherited)",
					"DEBUG=1",
				);
				GCC_WARN_64_TO_32_BIT_CONVERSION = YES;
				GCC_WARN_ABOUT_RETURN_TYPE = YES_ERROR;
				GCC_WARN_UNDECLARED_SELECTOR = YES;
				GCC_WARN_UNINITIALIZED_AUTOS = YES_AGGRESSIVE;
				GCC_WARN_UNUSED_FUNCTION = YES;
				GCC_WARN_UNUSED_VARIABLE = YES;
				GENERATE_INFOPLIST_FILE = YES;
				INFOPLIST_KEY_UIApplicationSceneManifest_Generation = YES;
				INFOPLIST_KEY_UILaunchScreen_Generation = YES;
				IPHONEOS_DEPLOYMENT_TARGET = 17.0;
				MTL_ENABLE_DEBUG_INFO = INCLUDE_SOURCE;
				MTL_FAST_MATH = YES;
				ONLY_ACTIVE_ARCH = YES;
				PRODUCT_NAME = "$(TARGET_NAME)";
				SDKROOT = iphoneos;
				SWIFT_ACTIVE_COMPILATION_CONDITIONS = DEBUG;
				SWIFT_OPTIMIZATION_LEVEL = "-Onone";
				SWIFT_VERSION = 5.0;
				TARGETED_DEVICE_FAMILY = "1,2";
			};
			name = Debug;
		};
/* End XCBuildConfiguration section */

/* Begin XCConfigurationList section */
		346BA6A1AB85242F64B3791D /* Build configuration list for PBXNativeTarget "UserListDemo" */ = {
			isa = XCConfigurationList;
			buildConfigurations = (
				2E296DCA1F95DAC6383DBB3B /* Debug */,
				8A448BB6BEC88DEBA848191D /* Release */,
			);
			defaultConfigurationIsVisible = 0;
			defaultConfigurationName = Debug;
		};
		4A4180B5BE40C15B669430B3 /* Build configuration list for PBXNativeTarget "UsersApp" */ = {
			isa = XCConfigurationList;
			buildConfigurations = (
				465338AFC1A22560513F8CC3 /* Debug */,
				7E4D746EABB345C1B9DA0A42 /* Release */,
			);
			defaultConfigurationIsVisible = 0;
			defaultConfigurationName = Debug;
		};
		F8C1D922ECDE1259CDA23026 /* Build configuration list for PBXProject "ModularApps" */ = {
			isa = XCConfigurationList;
			buildConfigurations = (
				AB7080F15341BA253796BA8E /* Debug */,
				06C36CF6FA3E64C86465AB95 /* Release */,
			);
			defaultConfigurationIsVisible = 0;
			defaultConfigurationName = Debug;
		};
/* End XCConfigurationList section */

/* Begin XCLocalSwiftPackageReference section */
		4D415376BF587E96438F1D41 /* XCLocalSwiftPackageReference "." */ = {
			isa = XCLocalSwiftPackageReference;
			relativePath = ..;
		};
/* End XCLocalSwiftPackageReference section */

/* Begin XCSwiftPackageProductDependency section */
		527769E7B60F021837B49D92 /* ModularTMAExample */ = {
			isa = XCSwiftPackageProductDependency;
			productName = ModularTMAExample;
		};
		EEF2BA5C04F35F67DD78563A /* UserListFeature */ = {
			isa = XCSwiftPackageProductDependency;
			productName = UserListFeature;
		};
/* End XCSwiftPackageProductDependency section */
	};
	rootObject = 7D3809335412F91AD3933191 /* Project object */;
}
